
Microsoft Visual Studio Solution File, Format Version 12.00
# Visual Studio Version 17
VisualStudioVersion = 17.13.35825.156
MinimumVisualStudioVersion = 10.0.40219.1
Project("{FAE04EC0-301F-11D3-BF4B-00C04F79EFBC}") = "TheirDayBlazorApp", "TheirDayBlazorApp\TheirDayBlazorApp.csproj", "{65FB4178-1681-4FE9-B3C1-C05CAA6CDF72}"
EndProject
Global
	GlobalSection(SolutionConfigurationPlatforms) = preSolution
		Debug|Any CPU = Debug|Any CPU
		Release|Any CPU = Release|Any CPU
	EndGlobalSection
	GlobalSection(ProjectConfigurationPlatforms) = postSolution
		{65FB4178-1681-4FE9-B3C1-C05CAA6CDF72}.Debug|Any CPU.ActiveCfg = Debug|Any CPU
		{65FB4178-1681-4FE9-B3C1-C05CAA6CDF72}.Debug|Any CPU.Build.0 = Debug|Any CPU
		{65FB4178-1681-4FE9-B3C1-C05CAA6CDF72}.Release|Any CPU.ActiveCfg = Release|Any CPU
		{65FB4178-1681-4FE9-B3C1-C05CAA6CDF72}.Release|Any CPU.Build.0 = Release|Any CPU
	EndGlobalSection
	GlobalSection(SolutionProperties) = preSolution
		HideSolutionNode = FALSE
	EndGlobalSection
	GlobalSection(ExtensibilityGlobals) = postSolution
		SolutionGuid = {4F872054-212E-4F43-A07D-3FB070C60168}
	EndGlobalSection
EndGlobal
